// !$*UTF8*$!
{
	archiveVersion = 1;
	classes = {
	};
	objectVersion = 46;
	objects = {

/* Begin PBXBuildFile section */
		5A591F3119A8DD34000844A7 /* AppDelegate.swift in Sources */ = {isa = PBXBuildFile; fileRef = 5A591F3019A8DD34000844A7 /* AppDelegate.swift */; };
		5A591F3319A8DD34000844A7 /* ViewController.swift in Sources */ = {isa = PBXBuildFile; fileRef = 5A591F3219A8DD34000844A7 /* ViewController.swift */; };
		5A591F3619A8DD34000844A7 /* Main.storyboard in Resources */ = {isa = PBXBuildFile; fileRef = 5A591F3419A8DD34000844A7 /* Main.storyboard */; };
		5A591F3819A8DD34000844A7 /* Images.xcassets in Resources */ = {isa = PBXBuildFile; fileRef = 5A591F3719A8DD34000844A7 /* Images.xcassets */; };
		5A591F4419A8DD34000844A7 /* ECAQuizTests.swift in Sources */ = {isa = PBXBuildFile; fileRef = 5A591F4319A8DD34000844A7 /* ECAQuizTests.swift */; };
/* End PBXBuildFile section */

/* Begin PBXContainerItemProxy section */
		5A591F3E19A8DD34000844A7 /* PBXContainerItemProxy */ = {
			isa = PBXContainerItemProxy;
			containerPortal = 5A591F2319A8DD34000844A7 /* Project object */;
			proxyType = 1;
			remoteGlobalIDString = 5A591F2A19A8DD34000844A7;
			remoteInfo = ECAQuiz;
		};
/* End PBXContainerItemProxy section */

/* Begin PBXFileReference section */
		5A591F2B19A8DD34000844A7 /* ECAQuiz.app */ = {isa = PBXFileReference; explicitFileType = wrapper.application; includeInIndex = 0; path = ECAQuiz.app; sourceTree = BUILT_PRODUCTS_DIR; };
		5A591F2F19A8DD34000844A7 /* Info.plist */ = {isa = PBXFileReference; lastKnownFileType = text.plist.xml; path = Info.plist; sourceTree = "<group>"; };
		5A591F3019A8DD34000844A7 /* AppDelegate.swift */ = {isa = PBXFileReference; lastKnownFileType = sourcecode.swift; path = AppDelegate.swift; sourceTree = "<group>"; };
		5A591F3219A8DD34000844A7 /* ViewController.swift */ = {isa = PBXFileReference; lastKnownFileType = sourcecode.swift; path = ViewController.swift; sourceTree = "<group>"; };
		5A591F3519A8DD34000844A7 /* Base */ = {isa = PBXFileReference; lastKnownFileType = file.storyboard; name = Base; path = Base.lproj/Main.storyboard; sourceTree = "<group>"; };
		5A591F3719A8DD34000844A7 /* Images.xcassets */ = {isa = PBXFileReference; lastKnownFileType = folder.assetcatalog; path = Images.xcassets; sourceTree = "<group>"; };
		5A591F3D19A8DD34000844A7 /* ECAQuizTests.xctest */ = {isa = PBXFileReference; explicitFileType = wrapper.cfbundle; includeInIndex = 0; path = ECAQuizTests.xctest; sourceTree = BUILT_PRODUCTS_DIR; };
		5A591F4219A8DD34000844A7 /* Info.plist */ = {isa = PBXFileReference; lastKnownFileType = text.plist.xml; path = Info.plist; sourceTree = "<group>"; };
		5A591F4319A8DD34000844A7 /* ECAQuizTests.swift */ = {isa = PBXFileReference; lastKnownFileType = sourcecode.swift; path = ECAQuizTests.swift; sourceTree = "<group>"; };
/* End PBXFileReference section */

/* Begin PBXFrameworksBuildPhase section */
		5A591F2819A8DD34000844A7 /* Frameworks */ = {
			isa = PBXFrameworksBuildPhase;
			buildActionMask = 2147483647;
			files = (
			);
			runOnlyForDeploymentPostprocessing = 0;
		};
		5A591F3A19A8DD34000844A7 /* Frameworks */ = {
			isa = PBXFrameworksBuildPhase;
			buildActionMask = 2147483647;
			files = (
			);
			runOnlyForDeploymentPostprocessing = 0;
		};
/* End PBXFrameworksBuildPhase section */

/* Begin PBXGroup section */
		5A591F2219A8DD33000844A7 = {
			isa = PBXGroup;
			children = (
				5A591F2D19A8DD34000844A7 /* ECAQuiz */,
				5A591F4019A8DD34000844A7 /* ECAQuizTests */,
				5A591F2C19A8DD34000844A7 /* Products */,
			);
			sourceTree = "<group>";
		};
		5A591F2C19A8DD34000844A7 /* Products */ = {
			isa = PBXGroup;
			children = (
				5A591F2B19A8DD34000844A7 /* ECAQuiz.app */,
				5A591F3D19A8DD34000844A7 /* ECAQuizTests.xctest */,
			);
			name = Products;
			sourceTree = "<group>";
		};
		5A591F2D19A8DD34000844A7 /* ECAQuiz */ = {
			isa = PBXGroup;
			children = (
				5A591F3019A8DD34000844A7 /* AppDelegate.swift */,
				5A591F3219A8DD34000844A7 /* ViewController.swift */,
				5A591F3419A8DD34000844A7 /* Main.storyboard */,
				5A591F3719A8DD34000844A7 /* Images.xcassets */,
				5A591F2E19A8DD34000844A7 /* Supporting Files */,
			);
			path = ECAQuiz;
			sourceTree = "<group>";
		};
		5A591F2E19A8DD34000844A7 /* Supporting Files */ = {
			isa = PBXGroup;
			children = (
				5A591F2F19A8DD34000844A7 /* Info.plist */,
			);
			name = "Supporting Files";
			sourceTree = "<group>";
		};
		5A591F4019A8DD34000844A7 /* ECAQuizTests */ = {
			isa = PBXGroup;
			children = (
				5A591F4319A8DD34000844A7 /* ECAQuizTests.swift */,
				5A591F4119A8DD34000844A7 /* Supporting Files */,
			);
			path = ECAQuizTests;
			sourceTree = "<group>";
		};
		5A591F4119A8DD34000844A7 /* Supporting Files */ = {
			isa = PBXGroup;
			children = (
				5A591F4219A8DD34000844A7 /* Info.plist */,
			);
			name = "Supporting Files";
			sourceTree = "<group>";
		};
/* End PBXGroup section */

/* Begin PBXNativeTarget section */
		5A591F2A19A8DD34000844A7 /* ECAQuiz */ = {
			isa = PBXNativeTarget;
			buildConfigurationList = 5A591F4719A8DD34000844A7 /* Build configuration list for PBXNativeTarget "ECAQuiz" */;
			buildPhases = (
				5A591F2719A8DD34000844A7 /* Sources */,
				5A591F2819A8DD34000844A7 /* Frameworks */,
				5A591F2919A8DD34000844A7 /* Resources */,
			);
			buildRules = (
			);
			dependencies = (
			);
			name = ECAQuiz;
			productName = ECAQuiz;
			productReference = 5A591F2B19A8DD34000844A7 /* ECAQuiz.app */;
			productType = "com.apple.product-type.application";
		};
		5A591F3C19A8DD34000844A7 /* ECAQuizTests */ = {
			isa = PBXNativeTarget;
			buildConfigurationList = 5A591F4A19A8DD34000844A7 /* Build configuration list for PBXNativeTarget "ECAQuizTests" */;
			buildPhases = (
				5A591F3919A8DD34000844A7 /* Sources */,
				5A591F3A19A8DD34000844A7 /* Frameworks */,
				5A591F3B19A8DD34000844A7 /* Resources */,
			);
			buildRules = (
			);
			dependencies = (
				5A591F3F19A8DD34000844A7 /* PBXTargetDependency */,
			);
			name = ECAQuizTests;
			productName = ECAQuizTests;
			productReference = 5A591F3D19A8DD34000844A7 /* ECAQuizTests.xctest */;
			productType = "com.apple.product-type.bundle.unit-test";
		};
/* End PBXNativeTarget section */

/* Begin PBXProject section */
		5A591F2319A8DD34000844A7 /* Project object */ = {
			isa = PBXProject;
			attributes = {
				LastUpgradeCheck = 0600;
				ORGANIZATIONNAME = "ExcepApps, Inc";
				TargetAttributes = {
					5A591F2A19A8DD34000844A7 = {
						CreatedOnToolsVersion = 6.0;
					};
					5A591F3C19A8DD34000844A7 = {
						CreatedOnToolsVersion = 6.0;
						TestTargetID = 5A591F2A19A8DD34000844A7;
					};
				};
			};
			buildConfigurationList = 5A591F2619A8DD34000844A7 /* Build configuration list for PBXProject "ECAQuiz" */;
			compatibilityVersion = "Xcode 3.2";
			developmentRegion = English;
			hasScannedForEncodings = 0;
			knownRegions = (
				en,
				Base,
			);
			mainGroup = 5A591F2219A8DD33000844A7;
			productRefGroup = 5A591F2C19A8DD34000844A7 /* Products */;
			projectDirPath = "";
			projectRoot = "";
			targets = (
				5A591F2A19A8DD34000844A7 /* ECAQuiz */,
				5A591F3C19A8DD34000844A7 /* ECAQuizTests */,
			);
		};
/* End PBXProject section */

/* Begin PBXResourcesBuildPhase section */
		5A591F2919A8DD34000844A7 /* Resources */ = {
			isa = PBXResourcesBuildPhase;
			buildActionMask = 2147483647;
			files = (
				5A591F3619A8DD34000844A7 /* Main.storyboard in Resources */,
				5A591F3819A8DD34000844A7 /* Images.xcassets in Resources */,
			);
			runOnlyForDeploymentPostprocessing = 0;
		};
		5A591F3B19A8DD34000844A7 /* Resources */ = {
			isa = PBXResourcesBuildPhase;
			buildActionMask = 2147483647;
			files = (
			);
			runOnlyForDeploymentPostprocessing = 0;
		};
/* End PBXResourcesBuildPhase section */

/* Begin PBXSourcesBuildPhase section */
		5A591F2719A8DD34000844A7 /* Sources */ = {
			isa = PBXSourcesBuildPhase;
			buildActionMask = 2147483647;
			files = (
				5A591F3319A8DD34000844A7 /* ViewController.swift in Sources */,
				5A591F3119A8DD34000844A7 /* AppDelegate.swift in Sources */,
			);
			runOnlyForDeploymentPostprocessing = 0;
		};
		5A591F3919A8DD34000844A7 /* Sources */ = {
			isa = PBXSourcesBuildPhase;
			buildActionMask = 2147483647;
			files = (
				5A591F4419A8DD34000844A7 /* ECAQuizTests.swift in Sources */,
			);
			runOnlyForDeploymentPostprocessing = 0;
		};
/* End PBXSourcesBuildPhase section */

/* Begin PBXTargetDependency section */
		5A591F3F19A8DD34000844A7 /* PBXTargetDependency */ = {
			isa = PBXTargetDependency;
			target = 5A591F2A19A8DD34000844A7 /* ECAQuiz */;
			targetProxy = 5A591F3E19A8DD34000844A7 /* PBXContainerItemProxy */;
		};
/* End PBXTargetDependency section */

/* Begin PBXVariantGroup section */
		5A591F3419A8DD34000844A7 /* Main.storyboard */ = {
			isa = PBXVariantGroup;
			children = (
				5A591F3519A8DD34000844A7 /* Base */,
			);
			name = Main.storyboard;
			sourceTree = "<group>";
		};
/* End PBXVariantGroup section */

/* Begin XCBuildConfiguration section */
		5A591F4519A8DD34000844A7 /* Debug */ = {
			isa = XCBuildConfiguration;
			buildSettings = {
				ALWAYS_SEARCH_USER_PATHS = NO;
				CLANG_CXX_LANGUAGE_STANDARD = "gnu++0x";
				CLANG_CXX_LIBRARY = "libc++";
				CLANG_ENABLE_MODULES = YES;
				CLANG_ENABLE_OBJC_ARC = YES;
				CLANG_WARN_BOOL_CONVERSION = YES;
				CLANG_WARN_CONSTANT_CONVERSION = YES;
				CLANG_WARN_DIRECT_OBJC_ISA_USAGE = YES_ERROR;
				CLANG_WARN_EMPTY_BODY = YES;
				CLANG_WARN_ENUM_CONVERSION = YES;
				CLANG_WARN_INT_CONVERSION = YES;
				CLANG_WARN_OBJC_ROOT_CLASS = YES_ERROR;
				CLANG_WARN_UNREACHABLE_CODE = YES;
				CLANG_WARN__DUPLICATE_METHOD_MATCH = YES;
				"CODE_SIGN_IDENTITY[sdk=iphoneos*]" = "iPhone Developer";
				COPY_PHASE_STRIP = NO;
				ENABLE_STRICT_OBJC_MSGSEND = YES;
				GCC_C_LANGUAGE_STANDARD = gnu99;
				GCC_DYNAMIC_NO_PIC = NO;
				GCC_OPTIMIZATION_LEVEL = 0;
				GCC_PREPROCESSOR_DEFINITIONS = (
					"DEBUG=1",
					"$(inherited)",
				);
				GCC_SYMBOLS_PRIVATE_EXTERN = NO;
				GCC_WARN_64_TO_32_BIT_CONVERSION = YES;
				GCC_WARN_ABOUT_RETURN_TYPE = YES_ERROR;
				GCC_WARN_UNDECLARED_SELECTOR = YES;
				GCC_WARN_UNINITIALIZED_AUTOS = YES_AGGRESSIVE;
				GCC_WARN_UNUSED_FUNCTION = YES;
				GCC_WARN_UNUSED_VARIABLE = YES;
				IPHONEOS_DEPLOYMENT_TARGET = 8.0;
				MTL_ENABLE_DEBUG_INFO = YES;
				ONLY_ACTIVE_ARCH = YES;
				SDKROOT = iphoneos;
				SWIFT_OPTIMIZATION_LEVEL = "-Onone";
				TARGETED_DEVICE_FAMILY = "1,2";
			};
			name = Debug;
		};
		5A591F4619A8DD34000844A7 /* Release */ = {
			isa = XCBuildConfiguration;
			buildSettings = {
				ALWAYS_SEARCH_USER_PATHS = NO;
				CLANG_CXX_LANGUAGE_STANDARD = "gnu++0x";
				CLANG_CXX_LIBRARY = "libc++";
				CLANG_ENABLE_MODULES = YES;
				CLANG_ENABLE_OBJC_ARC = YES;
				CLANG_WARN_BOOL_CONVERSION = YES;
				CLANG_WARN_CONSTANT_CONVERSION = YES;
				CLANG_WARN_DIRECT_OBJC_ISA_USAGE = YES_ERROR;
				CLANG_WARN_EMPTY_BODY = YES;
				CLANG_WARN_ENUM_CONVERSION = YES;
				CLANG_WARN_INT_CONVERSION = YES;
				CLANG_WARN_OBJC_ROOT_CLASS = YES_ERROR;
				CLANG_WARN_UNREACHABLE_CODE = YES;
				CLANG_WARN__DUPLICATE_METHOD_MATCH = YES;
				"CODE_SIGN_IDENTITY[sdk=iphoneos*]" = "iPhone Developer";
				COPY_PHASE_STRIP = YES;
				ENABLE_NS_ASSERTIONS = NO;
				ENABLE_STRICT_OBJC_MSGSEND = YES;
				GCC_C_LANGUAGE_STANDARD = gnu99;
				GCC_WARN_64_TO_32_BIT_CONVERSION = YES;
				GCC_WARN_ABOUT_RETURN_TYPE = YES_ERROR;
				GCC_WARN_UNDECLARED_SELECTOR = YES;
				GCC_WARN_UNINITIALIZED_AUTOS = YES_AGGRESSIVE;
				GCC_WARN_UNUSED_FUNCTION = YES;
				GCC_WARN_UNUSED_VARIABLE = YES;
				IPHONEOS_DEPLOYMENT_TARGET = 8.0;
				MTL_ENABLE_DEBUG_INFO = NO;
				SDKROOT = iphoneos;
				TARGETED_DEVICE_FAMILY = "1,2";
				VALIDATE_PRODUCT = YES;
			};
			name = Release;
		};
		5A591F4819A8DD34000844A7 /* Debug */ = {
			isa = XCBuildConfiguration;
			buildSettings = {
				ASSETCATALOG_COMPILER_APPICON_NAME = AppIcon;
				ASSETCATALOG_COMPILER_LAUNCHIMAGE_NAME = LaunchImage;
				INFOPLIST_FILE = ECAQuiz/Info.plist;
				LD_RUNPATH_SEARCH_PATHS = "$(inherited) @executable_path/Frameworks";
				PRODUCT_NAME = "$(TARGET_NAME)";
			};
			name = Debug;
		};
		5A591F4919A8DD34000844A7 /* Release */ = {
			isa = XCBuildConfiguration;
			buildSettings = {
				ASSETCATALOG_COMPILER_APPICON_NAME = AppIcon;
				ASSETCATALOG_COMPILER_LAUNCHIMAGE_NAME = LaunchImage;
				INFOPLIST_FILE = ECAQuiz/Info.plist;
				LD_RUNPATH_SEARCH_PATHS = "$(inherited) @executable_path/Frameworks";
				PRODUCT_NAME = "$(TARGET_NAME)";
			};
			name = Release;
		};
		5A591F4B19A8DD34000844A7 /* Debug */ = {
			isa = XCBuildConfiguration;
			buildSettings = {
				BUNDLE_LOADER = "$(TEST_HOST)";
				FRAMEWORK_SEARCH_PATHS = (
					"$(SDKROOT)/Developer/Library/Frameworks",
					"$(inherited)",
				);
				GCC_PREPROCESSOR_DEFINITIONS = (
					"DEBUG=1",
					"$(inherited)",
				);
				INFOPLIST_FILE = ECAQuizTests/Info.plist;
				LD_RUNPATH_SEARCH_PATHS = "$(inherited) @executable_path/Frameworks @loader_path/Frameworks";
				PRODUCT_NAME = "$(TARGET_NAME)";
				TEST_HOST = "$(BUILT_PRODUCTS_DIR)/ECAQuiz.app/ECAQuiz";
			};
			name = Debug;
		};
		5A591F4C19A8DD34000844A7 /* Release */ = {
			isa = XCBuildConfiguration;
			buildSettings = {
				BUNDLE_LOADER = "$(TEST_HOST)";
				FRAMEWORK_SEARCH_PATHS = (
					"$(SDKROOT)/Developer/Library/Frameworks",
					"$(inherited)",
				);
				INFOPLIST_FILE = ECAQuizTests/Info.plist;
				LD_RUNPATH_SEARCH_PATHS = "$(inherited) @executable_path/Frameworks @loader_path/Frameworks";
				PRODUCT_NAME = "$(TARGET_NAME)";
				TEST_HOST = "$(BUILT_PRODUCTS_DIR)/ECAQuiz.app/ECAQuiz";
			};
			name = Release;
		};
/* End XCBuildConfiguration section */

/* Begin XCConfigurationList section */
		5A591F2619A8DD34000844A7 /* Build configuration list for PBXProject "ECAQuiz" */ = {
			isa = XCConfigurationList;
			buildConfigurations = (
				5A591F4519A8DD34000844A7 /* Debug */,
				5A591F4619A8DD34000844A7 /* Release */,
			);
			defaultConfigurationIsVisible = 0;
			defaultConfigurationName = Release;
		};
		5A591F4719A8DD34000844A7 /* Build configuration list for PBXNativeTarget "ECAQuiz" */ = {
			isa = XCConfigurationList;
			buildConfigurations = (
				5A591F4819A8DD34000844A7 /* Debug */,
				5A591F4919A8DD34000844A7 /* Release */,
			);
			defaultConfigurationIsVisible = 0;
		};
		5A591F4A19A8DD34000844A7 /* Build configuration list for PBXNativeTarget "ECAQuizTests" */ = {
			isa = XCConfigurationList;
			buildConfigurations = (
				5A591F4B19A8DD34000844A7 /* Debug */,
				5A591F4C19A8DD34000844A7 /* Release */,
			);
			defaultConfigurationIsVisible = 0;
		};
/* End XCConfigurationList section */
	};
	rootObject = 5A591F2319A8DD34000844A7 /* Project object */;
}
